
Microsoft Visual Studio Solution File, Format Version 12.00
Project("{FAE04EC0-301F-11D3-BF4B-00C04F79EFBC}") = "TechOil", "TechOil\TechOil.csproj", "{DDB1B517-CF15-4E37-AA0B-61C399FDE25A}"
EndProject
Global
	GlobalSection(SolutionConfigurationPlatforms) = preSolution
		Debug|Any CPU = Debug|Any CPU
		Release|Any CPU = Release|Any CPU
	EndGlobalSection
	GlobalSection(ProjectConfigurationPlatforms) = postSolution
		{DDB1B517-CF15-4E37-AA0B-61C399FDE25A}.Debug|Any CPU.ActiveCfg = Debug|Any CPU
		{DDB1B517-CF15-4E37-AA0B-61C399FDE25A}.Debug|Any CPU.Build.0 = Debug|Any CPU
		{DDB1B517-CF15-4E37-AA0B-61C399FDE25A}.Release|Any CPU.ActiveCfg = Release|Any CPU
		{DDB1B517-CF15-4E37-AA0B-61C399FDE25A}.Release|Any CPU.Build.0 = Release|Any CPU
	EndGlobalSection
EndGlobal
